// !$*UTF8*$!
{
	archiveVersion = 1;
	classes = {
	};
	objectVersion = 50;
	objects = {

/* Begin PBXBuildFile section */
		C840D8332637B82B00C22AF7 /* Onboarding.swift in Sources */ = {isa = PBXBuildFile; fileRef = C840D8322637B82B00C22AF7 /* Onboarding.swift */; };
		C8428D392638FC6F006DDDAC /* Fruit.swift in Sources */ = {isa = PBXBuildFile; fileRef = C8428D382638FC6F006DDDAC /* Fruit.swift */; };
		C8428D3C263901A9006DDDAC /* FruitRow.swift in Sources */ = {isa = PBXBuildFile; fileRef = C8428D3B263901A9006DDDAC /* FruitRow.swift */; };
		C84B5D5D263A45B80044C93A /* FruitDetailView.swift in Sources */ = {isa = PBXBuildFile; fileRef = C84B5D5C263A45B80044C93A /* FruitDetailView.swift */; };
		C84B5D61263A4A030044C93A /* FruitHeaderView.swift in Sources */ = {isa = PBXBuildFile; fileRef = C84B5D60263A4A030044C93A /* FruitHeaderView.swift */; };
		C84B5D64263A4D400044C93A /* SourceLinkView.swift in Sources */ = {isa = PBXBuildFile; fileRef = C84B5D63263A4D400044C93A /* SourceLinkView.swift */; };
		C84B5D67263A4F950044C93A /* FruitNutrientsView.swift in Sources */ = {isa = PBXBuildFile; fileRef = C84B5D66263A4F950044C93A /* FruitNutrientsView.swift */; };
		C84DEE05266D8A2400E980C2 /* LogoView.swift in Sources */ = {isa = PBXBuildFile; fileRef = C84DEE04266D8A2400E980C2 /* LogoView.swift */; };
		C84DEE0A266D8EB400E980C2 /* PlayerAndBrandModel.swift in Sources */ = {isa = PBXBuildFile; fileRef = C84DEE09266D8EB400E980C2 /* PlayerAndBrandModel.swift */; };
		C84DEE0F266D8F0D00E980C2 /* CodableBundleExtension.swift in Sources */ = {isa = PBXBuildFile; fileRef = C84DEE0E266D8F0D00E980C2 /* CodableBundleExtension.swift */; };
		C84DEE13266D92FC00E980C2 /* FeaturedItemView.swift in Sources */ = {isa = PBXBuildFile; fileRef = C84DEE12266D92FC00E980C2 /* FeaturedItemView.swift */; };
		C84DEE17266D93AD00E980C2 /* FeaturedTabView.swift in Sources */ = {isa = PBXBuildFile; fileRef = C84DEE16266D93AD00E980C2 /* FeaturedTabView.swift */; };
		C84DEE1B266D97D300E980C2 /* CategoryModel.swift in Sources */ = {isa = PBXBuildFile; fileRef = C84DEE1A266D97D300E980C2 /* CategoryModel.swift */; };
		C84DEE21266D996F00E980C2 /* CategoryItemView.swift in Sources */ = {isa = PBXBuildFile; fileRef = C84DEE20266D996F00E980C2 /* CategoryItemView.swift */; };
		C84DEE27266D9E8100E980C2 /* CategoryGridView.swift in Sources */ = {isa = PBXBuildFile; fileRef = C84DEE26266D9E8100E980C2 /* CategoryGridView.swift */; };
		C84DEE2B266DA11300E980C2 /* SectionView.swift in Sources */ = {isa = PBXBuildFile; fileRef = C84DEE2A266DA11300E980C2 /* SectionView.swift */; };
		C84DEE37266DA4A400E980C2 /* ProductModel.swift in Sources */ = {isa = PBXBuildFile; fileRef = C84DEE36266DA4A400E980C2 /* ProductModel.swift */; };
		C84DEE42266DA51A00E980C2 /* ProductItemView.swift in Sources */ = {isa = PBXBuildFile; fileRef = C84DEE41266DA51A00E980C2 /* ProductItemView.swift */; };
		C84DEE46266DA7D300E980C2 /* TitleView.swift in Sources */ = {isa = PBXBuildFile; fileRef = C84DEE45266DA7D300E980C2 /* TitleView.swift */; };
		C84DEE4D266DAFB600E980C2 /* BrandView.swift in Sources */ = {isa = PBXBuildFile; fileRef = C84DEE4C266DAFB600E980C2 /* BrandView.swift */; };
		C84DEE51266DB19600E980C2 /* BrandGridView.swift in Sources */ = {isa = PBXBuildFile; fileRef = C84DEE50266DB19600E980C2 /* BrandGridView.swift */; };
		C84DEE56266DB52700E980C2 /* ProductDetailView.swift in Sources */ = {isa = PBXBuildFile; fileRef = C84DEE55266DB52700E980C2 /* ProductDetailView.swift */; };
		C84DEE61266DB6C500E980C2 /* NavigationBarDetailView.swift in Sources */ = {isa = PBXBuildFile; fileRef = C84DEE60266DB6C500E980C2 /* NavigationBarDetailView.swift */; };
		C84DEE65266DB87500E980C2 /* HeaderView.swift in Sources */ = {isa = PBXBuildFile; fileRef = C84DEE64266DB87500E980C2 /* HeaderView.swift */; };
		C84DEE69266DB9FF00E980C2 /* TopPartDetailView.swift in Sources */ = {isa = PBXBuildFile; fileRef = C84DEE68266DB9FF00E980C2 /* TopPartDetailView.swift */; };
		C853FF84263DD422001BECCA /* SectionLabelView.swift in Sources */ = {isa = PBXBuildFile; fileRef = C853FF83263DD422001BECCA /* SectionLabelView.swift */; };
		C853FF87263DD79E001BECCA /* SettingsRowView.swift in Sources */ = {isa = PBXBuildFile; fileRef = C853FF86263DD79E001BECCA /* SettingsRowView.swift */; };
		C85F80CB266D7DB500752434 /* Assets.xcassets in Resources */ = {isa = PBXBuildFile; fileRef = C85F80CA266D7DB500752434 /* Assets.xcassets */; };
		C85F80CE266D7DB500752434 /* Preview Assets.xcassets in Resources */ = {isa = PBXBuildFile; fileRef = C85F80CD266D7DB500752434 /* Preview Assets.xcassets */; };
		C85F80DC266D7F3900752434 /* category.json in Resources */ = {isa = PBXBuildFile; fileRef = C85F80D8266D7F3900752434 /* category.json */; };
		C85F80DD266D7F3900752434 /* brand.json in Resources */ = {isa = PBXBuildFile; fileRef = C85F80D9266D7F3900752434 /* brand.json */; };
		C85F80DE266D7F3900752434 /* player.json in Resources */ = {isa = PBXBuildFile; fileRef = C85F80DA266D7F3900752434 /* player.json */; };
		C85F80DF266D7F3900752434 /* product.json in Resources */ = {isa = PBXBuildFile; fileRef = C85F80DB266D7F3900752434 /* product.json */; };
		C88C654A263BA643005EA800 /* SettingsView.swift in Sources */ = {isa = PBXBuildFile; fileRef = C88C6549263BA643005EA800 /* SettingsView.swift */; };
		C88FB6812637B0BA0074B554 /* FruitCardView.swift in Sources */ = {isa = PBXBuildFile; fileRef = C88FB6802637B0BA0074B554 /* FruitCardView.swift */; };
		C88FB6862637B4C70074B554 /* StartButtonView.swift in Sources */ = {isa = PBXBuildFile; fileRef = C88FB6852637B4C70074B554 /* StartButtonView.swift */; };
		C89F86042635BE88004C4732 /* FructusApp.swift in Sources */ = {isa = PBXBuildFile; fileRef = C89F86032635BE88004C4732 /* FructusApp.swift */; };
		C89F86062635BE88004C4732 /* FruitList.swift in Sources */ = {isa = PBXBuildFile; fileRef = C89F86052635BE88004C4732 /* FruitList.swift */; };
		C89F86082635BE89004C4732 /* Assets.xcassets in Resources */ = {isa = PBXBuildFile; fileRef = C89F86072635BE89004C4732 /* Assets.xcassets */; };
		C89F860B2635BE89004C4732 /* Preview Assets.xcassets in Resources */ = {isa = PBXBuildFile; fileRef = C89F860A2635BE89004C4732 /* Preview Assets.xcassets */; };
		C8FC5C1C266D81710060BCFC /* HomeView.swift in Sources */ = {isa = PBXBuildFile; fileRef = C8FC5C1A266D81710060BCFC /* HomeView.swift */; };
		C8FC5C1D266D81710060BCFC /* TouchdownApp.swift in Sources */ = {isa = PBXBuildFile; fileRef = C8FC5C1B266D81710060BCFC /* TouchdownApp.swift */; };
		C8FC5C2C266D83320060BCFC /* Constants.swift in Sources */ = {isa = PBXBuildFile; fileRef = C8FC5C2B266D83320060BCFC /* Constants.swift */; };
		C8FC5C32266D83E50060BCFC /* FooterView.swift in Sources */ = {isa = PBXBuildFile; fileRef = C8FC5C31266D83E50060BCFC /* FooterView.swift */; };
		C8FC5C3C266D88640060BCFC /* NavigationBarView.swift in Sources */ = {isa = PBXBuildFile; fileRef = C8FC5C3B266D88640060BCFC /* NavigationBarView.swift */; };
/* End PBXBuildFile section */

/* Begin PBXFileReference section */
		C840D8322637B82B00C22AF7 /* Onboarding.swift */ = {isa = PBXFileReference; lastKnownFileType = sourcecode.swift; path = Onboarding.swift; sourceTree = "<group>"; };
		C8428D382638FC6F006DDDAC /* Fruit.swift */ = {isa = PBXFileReference; lastKnownFileType = sourcecode.swift; path = Fruit.swift; sourceTree = "<group>"; };
		C8428D3B263901A9006DDDAC /* FruitRow.swift */ = {isa = PBXFileReference; lastKnownFileType = sourcecode.swift; path = FruitRow.swift; sourceTree = "<group>"; };
		C84B5D5C263A45B80044C93A /* FruitDetailView.swift */ = {isa = PBXFileReference; lastKnownFileType = sourcecode.swift; path = FruitDetailView.swift; sourceTree = "<group>"; };
		C84B5D60263A4A030044C93A /* FruitHeaderView.swift */ = {isa = PBXFileReference; lastKnownFileType = sourcecode.swift; path = FruitHeaderView.swift; sourceTree = "<group>"; };
		C84B5D63263A4D400044C93A /* SourceLinkView.swift */ = {isa = PBXFileReference; lastKnownFileType = sourcecode.swift; path = SourceLinkView.swift; sourceTree = "<group>"; };
		C84B5D66263A4F950044C93A /* FruitNutrientsView.swift */ = {isa = PBXFileReference; lastKnownFileType = sourcecode.swift; path = FruitNutrientsView.swift; sourceTree = "<group>"; };
		C84DEE04266D8A2400E980C2 /* LogoView.swift */ = {isa = PBXFileReference; lastKnownFileType = sourcecode.swift; path = LogoView.swift; sourceTree = "<group>"; };
		C84DEE09266D8EB400E980C2 /* PlayerAndBrandModel.swift */ = {isa = PBXFileReference; lastKnownFileType = sourcecode.swift; path = PlayerAndBrandModel.swift; sourceTree = "<group>"; };
		C84DEE0E266D8F0D00E980C2 /* CodableBundleExtension.swift */ = {isa = PBXFileReference; lastKnownFileType = sourcecode.swift; path = CodableBundleExtension.swift; sourceTree = "<group>"; };
		C84DEE12266D92FC00E980C2 /* FeaturedItemView.swift */ = {isa = PBXFileReference; lastKnownFileType = sourcecode.swift; path = FeaturedItemView.swift; sourceTree = "<group>"; };
		C84DEE16266D93AD00E980C2 /* FeaturedTabView.swift */ = {isa = PBXFileReference; lastKnownFileType = sourcecode.swift; path = FeaturedTabView.swift; sourceTree = "<group>"; };
		C84DEE1A266D97D300E980C2 /* CategoryModel.swift */ = {isa = PBXFileReference; lastKnownFileType = sourcecode.swift; path = CategoryModel.swift; sourceTree = "<group>"; };
		C84DEE20266D996F00E980C2 /* CategoryItemView.swift */ = {isa = PBXFileReference; lastKnownFileType = sourcecode.swift; path = CategoryItemView.swift; sourceTree = "<group>"; };
		C84DEE26266D9E8100E980C2 /* CategoryGridView.swift */ = {isa = PBXFileReference; lastKnownFileType = sourcecode.swift; path = CategoryGridView.swift; sourceTree = "<group>"; };
		C84DEE2A266DA11300E980C2 /* SectionView.swift */ = {isa = PBXFileReference; lastKnownFileType = sourcecode.swift; path = SectionView.swift; sourceTree = "<group>"; };
		C84DEE36266DA4A400E980C2 /* ProductModel.swift */ = {isa = PBXFileReference; lastKnownFileType = sourcecode.swift; path = ProductModel.swift; sourceTree = "<group>"; };
		C84DEE41266DA51A00E980C2 /* ProductItemView.swift */ = {isa = PBXFileReference; lastKnownFileType = sourcecode.swift; path = ProductItemView.swift; sourceTree = "<group>"; };
		C84DEE45266DA7D300E980C2 /* TitleView.swift */ = {isa = PBXFileReference; lastKnownFileType = sourcecode.swift; path = TitleView.swift; sourceTree = "<group>"; };
		C84DEE4C266DAFB600E980C2 /* BrandView.swift */ = {isa = PBXFileReference; lastKnownFileType = sourcecode.swift; path = BrandView.swift; sourceTree = "<group>"; };
		C84DEE50266DB19600E980C2 /* BrandGridView.swift */ = {isa = PBXFileReference; lastKnownFileType = sourcecode.swift; path = BrandGridView.swift; sourceTree = "<group>"; };
		C84DEE55266DB52700E980C2 /* ProductDetailView.swift */ = {isa = PBXFileReference; lastKnownFileType = sourcecode.swift; path = ProductDetailView.swift; sourceTree = "<group>"; };
		C84DEE60266DB6C500E980C2 /* NavigationBarDetailView.swift */ = {isa = PBXFileReference; lastKnownFileType = sourcecode.swift; path = NavigationBarDetailView.swift; sourceTree = "<group>"; };
		C84DEE64266DB87500E980C2 /* HeaderView.swift */ = {isa = PBXFileReference; lastKnownFileType = sourcecode.swift; path = HeaderView.swift; sourceTree = "<group>"; };
		C84DEE68266DB9FF00E980C2 /* TopPartDetailView.swift */ = {isa = PBXFileReference; lastKnownFileType = sourcecode.swift; path = TopPartDetailView.swift; sourceTree = "<group>"; };
		C853FF83263DD422001BECCA /* SectionLabelView.swift */ = {isa = PBXFileReference; lastKnownFileType = sourcecode.swift; path = SectionLabelView.swift; sourceTree = "<group>"; };
		C853FF86263DD79E001BECCA /* SettingsRowView.swift */ = {isa = PBXFileReference; lastKnownFileType = sourcecode.swift; path = SettingsRowView.swift; sourceTree = "<group>"; };
		C85F80C4266D7DB300752434 /* Touchdown.app */ = {isa = PBXFileReference; explicitFileType = wrapper.application; includeInIndex = 0; path = Touchdown.app; sourceTree = BUILT_PRODUCTS_DIR; };
		C85F80CA266D7DB500752434 /* Assets.xcassets */ = {isa = PBXFileReference; lastKnownFileType = folder.assetcatalog; path = Assets.xcassets; sourceTree = "<group>"; };
		C85F80CD266D7DB500752434 /* Preview Assets.xcassets */ = {isa = PBXFileReference; lastKnownFileType = folder.assetcatalog; path = "Preview Assets.xcassets"; sourceTree = "<group>"; };
		C85F80CF266D7DB500752434 /* Info.plist */ = {isa = PBXFileReference; lastKnownFileType = text.plist.xml; path = Info.plist; sourceTree = "<group>"; };
		C85F80D8266D7F3900752434 /* category.json */ = {isa = PBXFileReference; fileEncoding = 4; lastKnownFileType = text.json; path = category.json; sourceTree = "<group>"; };
		C85F80D9266D7F3900752434 /* brand.json */ = {isa = PBXFileReference; fileEncoding = 4; lastKnownFileType = text.json; path = brand.json; sourceTree = "<group>"; };
		C85F80DA266D7F3900752434 /* player.json */ = {isa = PBXFileReference; fileEncoding = 4; lastKnownFileType = text.json; path = player.json; sourceTree = "<group>"; };
		C85F80DB266D7F3900752434 /* product.json */ = {isa = PBXFileReference; fileEncoding = 4; lastKnownFileType = text.json; path = product.json; sourceTree = "<group>"; };
		C88C6549263BA643005EA800 /* SettingsView.swift */ = {isa = PBXFileReference; lastKnownFileType = sourcecode.swift; path = SettingsView.swift; sourceTree = "<group>"; };
		C88FB6802637B0BA0074B554 /* FruitCardView.swift */ = {isa = PBXFileReference; lastKnownFileType = sourcecode.swift; path = FruitCardView.swift; sourceTree = "<group>"; };
		C88FB6852637B4C70074B554 /* StartButtonView.swift */ = {isa = PBXFileReference; lastKnownFileType = sourcecode.swift; path = StartButtonView.swift; sourceTree = "<group>"; };
		C89F86002635BE88004C4732 /* SwiftUIProjects.app */ = {isa = PBXFileReference; explicitFileType = wrapper.application; includeInIndex = 0; path = SwiftUIProjects.app; sourceTree = BUILT_PRODUCTS_DIR; };
		C89F86032635BE88004C4732 /* FructusApp.swift */ = {isa = PBXFileReference; lastKnownFileType = sourcecode.swift; path = FructusApp.swift; sourceTree = "<group>"; };
		C89F86052635BE88004C4732 /* FruitList.swift */ = {isa = PBXFileReference; lastKnownFileType = sourcecode.swift; path = FruitList.swift; sourceTree = "<group>"; };
		C89F86072635BE89004C4732 /* Assets.xcassets */ = {isa = PBXFileReference; lastKnownFileType = folder.assetcatalog; path = Assets.xcassets; sourceTree = "<group>"; };
		C89F860A2635BE89004C4732 /* Preview Assets.xcassets */ = {isa = PBXFileReference; lastKnownFileType = folder.assetcatalog; path = "Preview Assets.xcassets"; sourceTree = "<group>"; };
		C89F860C2635BE89004C4732 /* Info.plist */ = {isa = PBXFileReference; lastKnownFileType = text.plist.xml; path = Info.plist; sourceTree = "<group>"; };
		C8FC5C1A266D81710060BCFC /* HomeView.swift */ = {isa = PBXFileReference; lastKnownFileType = sourcecode.swift; path = HomeView.swift; sourceTree = "<group>"; };
		C8FC5C1B266D81710060BCFC /* TouchdownApp.swift */ = {isa = PBXFileReference; lastKnownFileType = sourcecode.swift; path = TouchdownApp.swift; sourceTree = "<group>"; };
		C8FC5C2B266D83320060BCFC /* Constants.swift */ = {isa = PBXFileReference; lastKnownFileType = sourcecode.swift; path = Constants.swift; sourceTree = "<group>"; };
		C8FC5C31266D83E50060BCFC /* FooterView.swift */ = {isa = PBXFileReference; lastKnownFileType = sourcecode.swift; path = FooterView.swift; sourceTree = "<group>"; };
		C8FC5C3B266D88640060BCFC /* NavigationBarView.swift */ = {isa = PBXFileReference; lastKnownFileType = sourcecode.swift; path = NavigationBarView.swift; sourceTree = "<group>"; };
/* End PBXFileReference section */

/* Begin PBXFrameworksBuildPhase section */
		C85F80C1266D7DB300752434 /* Frameworks */ = {
			isa = PBXFrameworksBuildPhase;
			buildActionMask = 2147483647;
			files = (
			);
			runOnlyForDeploymentPostprocessing = 0;
		};
		C89F85FD2635BE88004C4732 /* Frameworks */ = {
			isa = PBXFrameworksBuildPhase;
			buildActionMask = 2147483647;
			files = (
			);
			runOnlyForDeploymentPostprocessing = 0;
		};
/* End PBXFrameworksBuildPhase section */

/* Begin PBXGroup section */
		C8428D3E263901BD006DDDAC /* FruitList */ = {
			isa = PBXGroup;
			children = (
				C89F86052635BE88004C4732 /* FruitList.swift */,
				C8428D3B263901A9006DDDAC /* FruitRow.swift */,
			);
			path = FruitList;
			sourceTree = "<group>";
		};
		C84B5D5B263A457E0044C93A /* FruitDetail */ = {
			isa = PBXGroup;
			children = (
				C84B5D5F263A49F40044C93A /* Views */,
				C84B5D5C263A45B80044C93A /* FruitDetailView.swift */,
			);
			path = FruitDetail;
			sourceTree = "<group>";
		};
		C84B5D5F263A49F40044C93A /* Views */ = {
			isa = PBXGroup;
			children = (
				C84B5D60263A4A030044C93A /* FruitHeaderView.swift */,
				C84B5D63263A4D400044C93A /* SourceLinkView.swift */,
				C84B5D66263A4F950044C93A /* FruitNutrientsView.swift */,
			);
			path = Views;
			sourceTree = "<group>";
		};
		C84DEE08266D8EA100E980C2 /* Models */ = {
			isa = PBXGroup;
			children = (
				C84DEE09266D8EB400E980C2 /* PlayerAndBrandModel.swift */,
				C84DEE1A266D97D300E980C2 /* CategoryModel.swift */,
				C84DEE36266DA4A400E980C2 /* ProductModel.swift */,
			);
			path = Models;
			sourceTree = "<group>";
		};
		C84DEE0D266D8EF000E980C2 /* Extensions */ = {
			isa = PBXGroup;
			children = (
				C84DEE0E266D8F0D00E980C2 /* CodableBundleExtension.swift */,
			);
			path = Extensions;
			sourceTree = "<group>";
		};
		C84DEE1E266D994000E980C2 /* FeaturedView */ = {
			isa = PBXGroup;
			children = (
				C84DEE16266D93AD00E980C2 /* FeaturedTabView.swift */,
				C84DEE12266D92FC00E980C2 /* FeaturedItemView.swift */,
			);
			path = FeaturedView;
			sourceTree = "<group>";
		};
		C84DEE1F266D995100E980C2 /* CategoryView */ = {
			isa = PBXGroup;
			children = (
				C84DEE20266D996F00E980C2 /* CategoryItemView.swift */,
				C84DEE26266D9E8100E980C2 /* CategoryGridView.swift */,
				C84DEE2A266DA11300E980C2 /* SectionView.swift */,
			);
			path = CategoryView;
			sourceTree = "<group>";
		};
		C84DEE3A266DA4F700E980C2 /* Product */ = {
			isa = PBXGroup;
			children = (
				C84DEE41266DA51A00E980C2 /* ProductItemView.swift */,
				C84DEE45266DA7D300E980C2 /* TitleView.swift */,
			);
			path = Product;
			sourceTree = "<group>";
		};
		C84DEE4B266DAFA300E980C2 /* Brand */ = {
			isa = PBXGroup;
			children = (
				C84DEE4C266DAFB600E980C2 /* BrandView.swift */,
				C84DEE50266DB19600E980C2 /* BrandGridView.swift */,
			);
			path = Brand;
			sourceTree = "<group>";
		};
		C84DEE54266DB46600E980C2 /* ProductDetail */ = {
			isa = PBXGroup;
			children = (
				C84DEE5F266DB69A00E980C2 /* Subviews */,
				C84DEE55266DB52700E980C2 /* ProductDetailView.swift */,
			);
			path = ProductDetail;
			sourceTree = "<group>";
		};
		C84DEE5F266DB69A00E980C2 /* Subviews */ = {
			isa = PBXGroup;
			children = (
				C84DEE60266DB6C500E980C2 /* NavigationBarDetailView.swift */,
				C84DEE64266DB87500E980C2 /* HeaderView.swift */,
				C84DEE68266DB9FF00E980C2 /* TopPartDetailView.swift */,
			);
			path = Subviews;
			sourceTree = "<group>";
		};
		C853FF82263DD403001BECCA /* Views */ = {
			isa = PBXGroup;
			children = (
				C853FF83263DD422001BECCA /* SectionLabelView.swift */,
				C853FF86263DD79E001BECCA /* SettingsRowView.swift */,
			);
			path = Views;
			sourceTree = "<group>";
		};
		C85F80C5266D7DB300752434 /* Touchdown */ = {
			isa = PBXGroup;
			children = (
				C8FC5C1B266D81710060BCFC /* TouchdownApp.swift */,
				C8FC5C2F266D83BD0060BCFC /* Home */,
				C84DEE54266DB46600E980C2 /* ProductDetail */,
				C84DEE0D266D8EF000E980C2 /* Extensions */,
				C8FC5C2A266D831F0060BCFC /* Utility */,
				C85F80D7266D7F2500752434 /* JsonFiles */,
				C85F80CA266D7DB500752434 /* Assets.xcassets */,
				C85F80CF266D7DB500752434 /* Info.plist */,
				C85F80CC266D7DB500752434 /* Preview Content */,
			);
			path = Touchdown;
			sourceTree = "<group>";
		};
		C85F80CC266D7DB500752434 /* Preview Content */ = {
			isa = PBXGroup;
			children = (
				C85F80CD266D7DB500752434 /* Preview Assets.xcassets */,
			);
			path = "Preview Content";
			sourceTree = "<group>";
		};
		C85F80D7266D7F2500752434 /* JsonFiles */ = {
			isa = PBXGroup;
			children = (
				C85F80D9266D7F3900752434 /* brand.json */,
				C85F80D8266D7F3900752434 /* category.json */,
				C85F80DA266D7F3900752434 /* player.json */,
				C85F80DB266D7F3900752434 /* product.json */,
			);
			path = JsonFiles;
			sourceTree = "<group>";
		};
		C88C6548263BA62F005EA800 /* Settings */ = {
			isa = PBXGroup;
			children = (
				C853FF82263DD403001BECCA /* Views */,
				C88C6549263BA643005EA800 /* SettingsView.swift */,
			);
			path = Settings;
			sourceTree = "<group>";
		};
		C88FB67D2637B07C0074B554 /* App */ = {
			isa = PBXGroup;
			children = (
				C89F86032635BE88004C4732 /* FructusApp.swift */,
				C8428D382638FC6F006DDDAC /* Fruit.swift */,
				C8428D3E263901BD006DDDAC /* FruitList */,
				C88FB67F2637B0A00074B554 /* Onboarding */,
				C84B5D5B263A457E0044C93A /* FruitDetail */,
				C88C6548263BA62F005EA800 /* Settings */,
			);
			path = App;
			sourceTree = "<group>";
		};
		C88FB67F2637B0A00074B554 /* Onboarding */ = {
			isa = PBXGroup;
			children = (
				C88FB6842637B4AE0074B554 /* View */,
				C840D8322637B82B00C22AF7 /* Onboarding.swift */,
			);
			path = Onboarding;
			sourceTree = "<group>";
		};
		C88FB6842637B4AE0074B554 /* View */ = {
			isa = PBXGroup;
			children = (
				C88FB6852637B4C70074B554 /* StartButtonView.swift */,
				C88FB6802637B0BA0074B554 /* FruitCardView.swift */,
			);
			path = View;
			sourceTree = "<group>";
		};
		C89F85F72635BE88004C4732 = {
			isa = PBXGroup;
			children = (
				C89F86022635BE88004C4732 /* Fructus */,
				C85F80C5266D7DB300752434 /* Touchdown */,
				C89F86012635BE88004C4732 /* Products */,
			);
			sourceTree = "<group>";
		};
		C89F86012635BE88004C4732 /* Products */ = {
			isa = PBXGroup;
			children = (
				C89F86002635BE88004C4732 /* SwiftUIProjects.app */,
				C85F80C4266D7DB300752434 /* Touchdown.app */,
			);
			name = Products;
			sourceTree = "<group>";
		};
		C89F86022635BE88004C4732 /* Fructus */ = {
			isa = PBXGroup;
			children = (
				C88FB67D2637B07C0074B554 /* App */,
				C89F86072635BE89004C4732 /* Assets.xcassets */,
				C89F860C2635BE89004C4732 /* Info.plist */,
				C89F86092635BE89004C4732 /* Preview Content */,
			);
			path = Fructus;
			sourceTree = "<group>";
		};
		C89F86092635BE89004C4732 /* Preview Content */ = {
			isa = PBXGroup;
			children = (
				C89F860A2635BE89004C4732 /* Preview Assets.xcassets */,
			);
			path = "Preview Content";
			sourceTree = "<group>";
		};
		C8FC5C2A266D831F0060BCFC /* Utility */ = {
			isa = PBXGroup;
			children = (
				C8FC5C2B266D83320060BCFC /* Constants.swift */,
			);
			path = Utility;
			sourceTree = "<group>";
		};
		C8FC5C2F266D83BD0060BCFC /* Home */ = {
			isa = PBXGroup;
			children = (
				C84DEE08266D8EA100E980C2 /* Models */,
				C8FC5C30266D83CD0060BCFC /* Subviews */,
				C8FC5C1A266D81710060BCFC /* HomeView.swift */,
			);
			path = Home;
			sourceTree = "<group>";
		};
		C8FC5C30266D83CD0060BCFC /* Subviews */ = {
			isa = PBXGroup;
			children = (
				C84DEE4B266DAFA300E980C2 /* Brand */,
				C84DEE3A266DA4F700E980C2 /* Product */,
				C84DEE1F266D995100E980C2 /* CategoryView */,
				C84DEE1E266D994000E980C2 /* FeaturedView */,
				C8FC5C31266D83E50060BCFC /* FooterView.swift */,
				C8FC5C3B266D88640060BCFC /* NavigationBarView.swift */,
				C84DEE04266D8A2400E980C2 /* LogoView.swift */,
			);
			path = Subviews;
			sourceTree = "<group>";
		};
/* End PBXGroup section */

/* Begin PBXNativeTarget section */
		C85F80C3266D7DB300752434 /* Touchdown */ = {
			isa = PBXNativeTarget;
			buildConfigurationList = C85F80D0266D7DB500752434 /* Build configuration list for PBXNativeTarget "Touchdown" */;
			buildPhases = (
				C85F80C0266D7DB300752434 /* Sources */,
				C85F80C1266D7DB300752434 /* Frameworks */,
				C85F80C2266D7DB300752434 /* Resources */,
			);
			buildRules = (
			);
			dependencies = (
			);
			name = Touchdown;
			productName = Touchdown;
			productReference = C85F80C4266D7DB300752434 /* Touchdown.app */;
			productType = "com.apple.product-type.application";
		};
		C89F85FF2635BE88004C4732 /* SwiftUIProjects */ = {
			isa = PBXNativeTarget;
			buildConfigurationList = C89F860F2635BE89004C4732 /* Build configuration list for PBXNativeTarget "SwiftUIProjects" */;
			buildPhases = (
				C89F85FC2635BE88004C4732 /* Sources */,
				C89F85FD2635BE88004C4732 /* Frameworks */,
				C89F85FE2635BE88004C4732 /* Resources */,
			);
			buildRules = (
			);
			dependencies = (
			);
			name = SwiftUIProjects;
			productName = Fructus;
			productReference = C89F86002635BE88004C4732 /* SwiftUIProjects.app */;
			productType = "com.apple.product-type.application";
		};
/* End PBXNativeTarget section */

/* Begin PBXProject section */
		C89F85F82635BE88004C4732 /* Project object */ = {
			isa = PBXProject;
			attributes = {
				LastSwiftUpdateCheck = 1240;
				LastUpgradeCheck = 1240;
				TargetAttributes = {
					C85F80C3266D7DB300752434 = {
						CreatedOnToolsVersion = 12.4;
						LastSwiftMigration = 1240;
					};
					C89F85FF2635BE88004C4732 = {
						CreatedOnToolsVersion = 12.4;
					};
				};
			};
			buildConfigurationList = C89F85FB2635BE88004C4732 /* Build configuration list for PBXProject "SwiftUIProjects" */;
			compatibilityVersion = "Xcode 9.3";
			developmentRegion = en;
			hasScannedForEncodings = 0;
			knownRegions = (
				en,
				Base,
			);
			mainGroup = C89F85F72635BE88004C4732;
			productRefGroup = C89F86012635BE88004C4732 /* Products */;
			projectDirPath = "";
			projectRoot = "";
			targets = (
				C89F85FF2635BE88004C4732 /* SwiftUIProjects */,
				C85F80C3266D7DB300752434 /* Touchdown */,
			);
		};
/* End PBXProject section */

/* Begin PBXResourcesBuildPhase section */
		C85F80C2266D7DB300752434 /* Resources */ = {
			isa = PBXResourcesBuildPhase;
			buildActionMask = 2147483647;
			files = (
				C85F80DE266D7F3900752434 /* player.json in Resources */,
				C85F80DC266D7F3900752434 /* category.json in Resources */,
				C85F80DD266D7F3900752434 /* brand.json in Resources */,
				C85F80CE266D7DB500752434 /* Preview Assets.xcassets in Resources */,
				C85F80CB266D7DB500752434 /* Assets.xcassets in Resources */,
				C85F80DF266D7F3900752434 /* product.json in Resources */,
			);
			runOnlyForDeploymentPostprocessing = 0;
		};
		C89F85FE2635BE88004C4732 /* Resources */ = {
			isa = PBXResourcesBuildPhase;
			buildActionMask = 2147483647;
			files = (
				C89F860B2635BE89004C4732 /* Preview Assets.xcassets in Resources */,
				C89F86082635BE89004C4732 /* Assets.xcassets in Resources */,
			);
			runOnlyForDeploymentPostprocessing = 0;
		};
/* End PBXResourcesBuildPhase section */

/* Begin PBXSourcesBuildPhase section */
		C85F80C0266D7DB300752434 /* Sources */ = {
			isa = PBXSourcesBuildPhase;
			buildActionMask = 2147483647;
			files = (
				C84DEE0F266D8F0D00E980C2 /* CodableBundleExtension.swift in Sources */,
				C8FC5C3C266D88640060BCFC /* NavigationBarView.swift in Sources */,
				C84DEE05266D8A2400E980C2 /* LogoView.swift in Sources */,
				C8FC5C1C266D81710060BCFC /* HomeView.swift in Sources */,
				C84DEE37266DA4A400E980C2 /* ProductModel.swift in Sources */,
				C84DEE13266D92FC00E980C2 /* FeaturedItemView.swift in Sources */,
				C8FC5C32266D83E50060BCFC /* FooterView.swift in Sources */,
				C84DEE65266DB87500E980C2 /* HeaderView.swift in Sources */,
				C8FC5C1D266D81710060BCFC /* TouchdownApp.swift in Sources */,
				C84DEE27266D9E8100E980C2 /* CategoryGridView.swift in Sources */,
				C84DEE51266DB19600E980C2 /* BrandGridView.swift in Sources */,
				C84DEE1B266D97D300E980C2 /* CategoryModel.swift in Sources */,
				C8FC5C2C266D83320060BCFC /* Constants.swift in Sources */,
				C84DEE42266DA51A00E980C2 /* ProductItemView.swift in Sources */,
				C84DEE56266DB52700E980C2 /* ProductDetailView.swift in Sources */,
				C84DEE46266DA7D300E980C2 /* TitleView.swift in Sources */,
				C84DEE21266D996F00E980C2 /* CategoryItemView.swift in Sources */,
				C84DEE17266D93AD00E980C2 /* FeaturedTabView.swift in Sources */,
				C84DEE0A266D8EB400E980C2 /* PlayerAndBrandModel.swift in Sources */,
				C84DEE61266DB6C500E980C2 /* NavigationBarDetailView.swift in Sources */,
				C84DEE4D266DAFB600E980C2 /* BrandView.swift in Sources */,
				C84DEE2B266DA11300E980C2 /* SectionView.swift in Sources */,
				C84DEE69266DB9FF00E980C2 /* TopPartDetailView.swift in Sources */,
			);
			runOnlyForDeploymentPostprocessing = 0;
		};
		C89F85FC2635BE88004C4732 /* Sources */ = {
			isa = PBXSourcesBuildPhase;
			buildActionMask = 2147483647;
			files = (
				C84B5D5D263A45B80044C93A /* FruitDetailView.swift in Sources */,
				C84B5D64263A4D400044C93A /* SourceLinkView.swift in Sources */,
				C8428D392638FC6F006DDDAC /* Fruit.swift in Sources */,
				C88FB6812637B0BA0074B554 /* FruitCardView.swift in Sources */,
				C88FB6862637B4C70074B554 /* StartButtonView.swift in Sources */,
				C853FF84263DD422001BECCA /* SectionLabelView.swift in Sources */,
				C853FF87263DD79E001BECCA /* SettingsRowView.swift in Sources */,
				C84B5D67263A4F950044C93A /* FruitNutrientsView.swift in Sources */,
				C8428D3C263901A9006DDDAC /* FruitRow.swift in Sources */,
				C84B5D61263A4A030044C93A /* FruitHeaderView.swift in Sources */,
				C840D8332637B82B00C22AF7 /* Onboarding.swift in Sources */,
				C88C654A263BA643005EA800 /* SettingsView.swift in Sources */,
				C89F86062635BE88004C4732 /* FruitList.swift in Sources */,
				C89F86042635BE88004C4732 /* FructusApp.swift in Sources */,
			);
			runOnlyForDeploymentPostprocessing = 0;
		};
/* End PBXSourcesBuildPhase section */

/* Begin XCBuildConfiguration section */
		C85F80D1266D7DB500752434 /* Debug */ = {
			isa = XCBuildConfiguration;
			buildSettings = {
				ASSETCATALOG_COMPILER_APPICON_NAME = AppIcon;
				ASSETCATALOG_COMPILER_GLOBAL_ACCENT_COLOR_NAME = AccentColor;
				CLANG_ENABLE_MODULES = YES;
				CODE_SIGN_STYLE = Automatic;
				DEVELOPMENT_ASSET_PATHS = "\"Touchdown/Preview Content\"";
				DEVELOPMENT_TEAM = ZKHK2T4C5A;
				ENABLE_PREVIEWS = YES;
				INFOPLIST_FILE = Touchdown/Info.plist;
				IPHONEOS_DEPLOYMENT_TARGET = 14.0;
				LD_RUNPATH_SEARCH_PATHS = (
					"$(inherited)",
					"@executable_path/Frameworks",
				);
				PRODUCT_BUNDLE_IDENTIFIER = com.theus.Touchdown;
				PRODUCT_NAME = "$(TARGET_NAME)";
				SWIFT_OPTIMIZATION_LEVEL = "-Onone";
				SWIFT_VERSION = 5.0;
				TARGETED_DEVICE_FAMILY = "1,2";
			};
			name = Debug;
		};
		C85F80D2266D7DB500752434 /* Release */ = {
			isa = XCBuildConfiguration;
			buildSettings = {
				ASSETCATALOG_COMPILER_APPICON_NAME = AppIcon;
				ASSETCATALOG_COMPILER_GLOBAL_ACCENT_COLOR_NAME = AccentColor;
				CLANG_ENABLE_MODULES = YES;
				CODE_SIGN_STYLE = Automatic;
				DEVELOPMENT_ASSET_PATHS = "\"Touchdown/Preview Content\"";
				DEVELOPMENT_TEAM = ZKHK2T4C5A;
				ENABLE_PREVIEWS = YES;
				INFOPLIST_FILE = Touchdown/Info.plist;
				IPHONEOS_DEPLOYMENT_TARGET = 14.0;
				LD_RUNPATH_SEARCH_PATHS = (
					"$(inherited)",
					"@executable_path/Frameworks",
				);
				PRODUCT_BUNDLE_IDENTIFIER = com.theus.Touchdown;
				PRODUCT_NAME = "$(TARGET_NAME)";
				SWIFT_VERSION = 5.0;
				TARGETED_DEVICE_FAMILY = "1,2";
			};
			name = Release;
		};
		C89F860D2635BE89004C4732 /* Debug */ = {
			isa = XCBuildConfiguration;
			buildSettings = {
				ALWAYS_SEARCH_USER_PATHS = NO;
				CLANG_ANALYZER_NONNULL = YES;
				CLANG_ANALYZER_NUMBER_OBJECT_CONVERSION = YES_AGGRESSIVE;
				CLANG_CXX_LANGUAGE_STANDARD = "gnu++14";
				CLANG_CXX_LIBRARY = "libc++";
				CLANG_ENABLE_MODULES = YES;
				CLANG_ENABLE_OBJC_ARC = YES;
				CLANG_ENABLE_OBJC_WEAK = YES;
				CLANG_WARN_BLOCK_CAPTURE_AUTORELEASING = YES;
				CLANG_WARN_BOOL_CONVERSION = YES;
				CLANG_WARN_COMMA = YES;
				CLANG_WARN_CONSTANT_CONVERSION = YES;
				CLANG_WARN_DEPRECATED_OBJC_IMPLEMENTATIONS = YES;
				CLANG_WARN_DIRECT_OBJC_ISA_USAGE = YES_ERROR;
				CLANG_WARN_DOCUMENTATION_COMMENTS = YES;
				CLANG_WARN_EMPTY_BODY = YES;
				CLANG_WARN_ENUM_CONVERSION = YES;
				CLANG_WARN_INFINITE_RECURSION = YES;
				CLANG_WARN_INT_CONVERSION = YES;
				CLANG_WARN_NON_LITERAL_NULL_CONVERSION = YES;
				CLANG_WARN_OBJC_IMPLICIT_RETAIN_SELF = YES;
				CLANG_WARN_OBJC_LITERAL_CONVERSION = YES;
				CLANG_WARN_OBJC_ROOT_CLASS = YES_ERROR;
				CLANG_WARN_QUOTED_INCLUDE_IN_FRAMEWORK_HEADER = YES;
				CLANG_WARN_RANGE_LOOP_ANALYSIS = YES;
				CLANG_WARN_STRICT_PROTOTYPES = YES;
				CLANG_WARN_SUSPICIOUS_MOVE = YES;
				CLANG_WARN_UNGUARDED_AVAILABILITY = YES_AGGRESSIVE;
				CLANG_WARN_UNREACHABLE_CODE = YES;
				CLANG_WARN__DUPLICATE_METHOD_MATCH = YES;
				COPY_PHASE_STRIP = NO;
				DEBUG_INFORMATION_FORMAT = dwarf;
				ENABLE_STRICT_OBJC_MSGSEND = YES;
				ENABLE_TESTABILITY = YES;
				GCC_C_LANGUAGE_STANDARD = gnu11;
				GCC_DYNAMIC_NO_PIC = NO;
				GCC_NO_COMMON_BLOCKS = YES;
				GCC_OPTIMIZATION_LEVEL = 0;
				GCC_PREPROCESSOR_DEFINITIONS = (
					"DEBUG=1",
					"$(inherited)",
				);
				GCC_WARN_64_TO_32_BIT_CONVERSION = YES;
				GCC_WARN_ABOUT_RETURN_TYPE = YES_ERROR;
				GCC_WARN_UNDECLARED_SELECTOR = YES;
				GCC_WARN_UNINITIALIZED_AUTOS = YES_AGGRESSIVE;
				GCC_WARN_UNUSED_FUNCTION = YES;
				GCC_WARN_UNUSED_VARIABLE = YES;
				IPHONEOS_DEPLOYMENT_TARGET = 14.4;
				MTL_ENABLE_DEBUG_INFO = INCLUDE_SOURCE;
				MTL_FAST_MATH = YES;
				ONLY_ACTIVE_ARCH = YES;
				SDKROOT = iphoneos;
				SWIFT_ACTIVE_COMPILATION_CONDITIONS = DEBUG;
				SWIFT_OPTIMIZATION_LEVEL = "-Onone";
			};
			name = Debug;
		};
		C89F860E2635BE89004C4732 /* Release */ = {
			isa = XCBuildConfiguration;
			buildSettings = {
				ALWAYS_SEARCH_USER_PATHS = NO;
				CLANG_ANALYZER_NONNULL = YES;
				CLANG_ANALYZER_NUMBER_OBJECT_CONVERSION = YES_AGGRESSIVE;
				CLANG_CXX_LANGUAGE_STANDARD = "gnu++14";
				CLANG_CXX_LIBRARY = "libc++";
				CLANG_ENABLE_MODULES = YES;
				CLANG_ENABLE_OBJC_ARC = YES;
				CLANG_ENABLE_OBJC_WEAK = YES;
				CLANG_WARN_BLOCK_CAPTURE_AUTORELEASING = YES;
				CLANG_WARN_BOOL_CONVERSION = YES;
				CLANG_WARN_COMMA = YES;
				CLANG_WARN_CONSTANT_CONVERSION = YES;
				CLANG_WARN_DEPRECATED_OBJC_IMPLEMENTATIONS = YES;
				CLANG_WARN_DIRECT_OBJC_ISA_USAGE = YES_ERROR;
				CLANG_WARN_DOCUMENTATION_COMMENTS = YES;
				CLANG_WARN_EMPTY_BODY = YES;
				CLANG_WARN_ENUM_CONVERSION = YES;
				CLANG_WARN_INFINITE_RECURSION = YES;
				CLANG_WARN_INT_CONVERSION = YES;
				CLANG_WARN_NON_LITERAL_NULL_CONVERSION = YES;
				CLANG_WARN_OBJC_IMPLICIT_RETAIN_SELF = YES;
				CLANG_WARN_OBJC_LITERAL_CONVERSION = YES;
				CLANG_WARN_OBJC_ROOT_CLASS = YES_ERROR;
				CLANG_WARN_QUOTED_INCLUDE_IN_FRAMEWORK_HEADER = YES;
				CLANG_WARN_RANGE_LOOP_ANALYSIS = YES;
				CLANG_WARN_STRICT_PROTOTYPES = YES;
				CLANG_WARN_SUSPICIOUS_MOVE = YES;
				CLANG_WARN_UNGUARDED_AVAILABILITY = YES_AGGRESSIVE;
				CLANG_WARN_UNREACHABLE_CODE = YES;
				CLANG_WARN__DUPLICATE_METHOD_MATCH = YES;
				COPY_PHASE_STRIP = NO;
				DEBUG_INFORMATION_FORMAT = "dwarf-with-dsym";
				ENABLE_NS_ASSERTIONS = NO;
				ENABLE_STRICT_OBJC_MSGSEND = YES;
				GCC_C_LANGUAGE_STANDARD = gnu11;
				GCC_NO_COMMON_BLOCKS = YES;
				GCC_WARN_64_TO_32_BIT_CONVERSION = YES;
				GCC_WARN_ABOUT_RETURN_TYPE = YES_ERROR;
				GCC_WARN_UNDECLARED_SELECTOR = YES;
				GCC_WARN_UNINITIALIZED_AUTOS = YES_AGGRESSIVE;
				GCC_WARN_UNUSED_FUNCTION = YES;
				GCC_WARN_UNUSED_VARIABLE = YES;
				IPHONEOS_DEPLOYMENT_TARGET = 14.4;
				MTL_ENABLE_DEBUG_INFO = NO;
				MTL_FAST_MATH = YES;
				SDKROOT = iphoneos;
				SWIFT_COMPILATION_MODE = wholemodule;
				SWIFT_OPTIMIZATION_LEVEL = "-O";
				VALIDATE_PRODUCT = YES;
			};
			name = Release;
		};
		C89F86102635BE89004C4732 /* Debug */ = {
			isa = XCBuildConfiguration;
			buildSettings = {
				ASSETCATALOG_COMPILER_APPICON_NAME = AppIcon;
				ASSETCATALOG_COMPILER_GLOBAL_ACCENT_COLOR_NAME = AccentColor;
				CODE_SIGN_STYLE = Automatic;
				DEVELOPMENT_ASSET_PATHS = "\"Fructus/Preview Content\"";
				DEVELOPMENT_TEAM = ZKHK2T4C5A;
				ENABLE_PREVIEWS = YES;
				INFOPLIST_FILE = Fructus/Info.plist;
				IPHONEOS_DEPLOYMENT_TARGET = 14.0;
				LD_RUNPATH_SEARCH_PATHS = (
					"$(inherited)",
					"@executable_path/Frameworks",
				);
				PRODUCT_BUNDLE_IDENTIFIER = com.theus.Fructus;
				PRODUCT_NAME = "$(TARGET_NAME)";
				SWIFT_VERSION = 5.0;
				TARGETED_DEVICE_FAMILY = "1,2";
			};
			name = Debug;
		};
		C89F86112635BE89004C4732 /* Release */ = {
			isa = XCBuildConfiguration;
			buildSettings = {
				ASSETCATALOG_COMPILER_APPICON_NAME = AppIcon;
				ASSETCATALOG_COMPILER_GLOBAL_ACCENT_COLOR_NAME = AccentColor;
				CODE_SIGN_STYLE = Automatic;
				DEVELOPMENT_ASSET_PATHS = "\"Fructus/Preview Content\"";
				DEVELOPMENT_TEAM = ZKHK2T4C5A;
				ENABLE_PREVIEWS = YES;
				INFOPLIST_FILE = Fructus/Info.plist;
				IPHONEOS_DEPLOYMENT_TARGET = 14.0;
				LD_RUNPATH_SEARCH_PATHS = (
					"$(inherited)",
					"@executable_path/Frameworks",
				);
				PRODUCT_BUNDLE_IDENTIFIER = com.theus.Fructus;
				PRODUCT_NAME = "$(TARGET_NAME)";
				SWIFT_VERSION = 5.0;
				TARGETED_DEVICE_FAMILY = "1,2";
			};
			name = Release;
		};
/* End XCBuildConfiguration section */

/* Begin XCConfigurationList section */
		C85F80D0266D7DB500752434 /* Build configuration list for PBXNativeTarget "Touchdown" */ = {
			isa = XCConfigurationList;
			buildConfigurations = (
				C85F80D1266D7DB500752434 /* Debug */,
				C85F80D2266D7DB500752434 /* Release */,
			);
			defaultConfigurationIsVisible = 0;
			defaultConfigurationName = Release;
		};
		C89F85FB2635BE88004C4732 /* Build configuration list for PBXProject "SwiftUIProjects" */ = {
			isa = XCConfigurationList;
			buildConfigurations = (
				C89F860D2635BE89004C4732 /* Debug */,
				C89F860E2635BE89004C4732 /* Release */,
			);
			defaultConfigurationIsVisible = 0;
			defaultConfigurationName = Release;
		};
		C89F860F2635BE89004C4732 /* Build configuration list for PBXNativeTarget "SwiftUIProjects" */ = {
			isa = XCConfigurationList;
			buildConfigurations = (
				C89F86102635BE89004C4732 /* Debug */,
				C89F86112635BE89004C4732 /* Release */,
			);
			defaultConfigurationIsVisible = 0;
			defaultConfigurationName = Release;
		};
/* End XCConfigurationList section */
	};
	rootObject = C89F85F82635BE88004C4732 /* Project object */;
}
